
Microsoft Visual Studio Solution File, Format Version 12.00
# Visual Studio Version 17
VisualStudioVersion = 17.14.36518.9 d17.14
MinimumVisualStudioVersion = 10.0.40219.1
Project("{FAE04EC0-301F-11D3-BF4B-00C04F79EFBC}") = "UniversityFinder", "UniversityFinder\UniversityFinder.csproj", "{B0F9B8A6-8FC1-4889-9876-0C1F5B61A7C9}"
EndProject
Global
	GlobalSection(SolutionConfigurationPlatforms) = preSolution
		Debug|Any CPU = Debug|Any CPU
		Release|Any CPU = Release|Any CPU
	EndGlobalSection
	GlobalSection(ProjectConfigurationPlatforms) = postSolution
		{B0F9B8A6-8FC1-4889-9876-0C1F5B61A7C9}.Debug|Any CPU.ActiveCfg = Debug|Any CPU
		{B0F9B8A6-8FC1-4889-9876-0C1F5B61A7C9}.Debug|Any CPU.Build.0 = Debug|Any CPU
		{B0F9B8A6-8FC1-4889-9876-0C1F5B61A7C9}.Release|Any CPU.ActiveCfg = Release|Any CPU
		{B0F9B8A6-8FC1-4889-9876-0C1F5B61A7C9}.Release|Any CPU.Build.0 = Release|Any CPU
	EndGlobalSection
	GlobalSection(SolutionProperties) = preSolution
		HideSolutionNode = FALSE
	EndGlobalSection
	GlobalSection(ExtensibilityGlobals) = postSolution
		SolutionGuid = {CF6CF7FB-3442-4150-8319-3D9A400C71A0}
	EndGlobalSection
EndGlobal
